
Microsoft Visual Studio Solution File, Format Version 12.00
# Visual Studio Version 16
VisualStudioVersion = 16.0.28922.388
MinimumVisualStudioVersion = 10.0.40219.1
Project("{9A19103F-16F7-4668-BE54-9A1E7A4F7556}") = "OntraportApi.IntegrationTests", "OntraportApi.IntegrationTests\OntraportApi.IntegrationTests.csproj", "{979208D7-EFE6-4A30-A625-E2E18DB16605}"
EndProject
Project("{2150E333-8FDC-42A3-9474-1A3956D46DE8}") = "Solution Items", "Solution Items", "{D2E51F7F-9F79-4A3E-9B92-0DDAFE6A3DAF}"
	ProjectSection(SolutionItems) = preProject
		.editorconfig = .editorconfig
	EndProjectSection
EndProject
Project("{9A19103F-16F7-4668-BE54-9A1E7A4F7556}") = "OntraportApi", "OntraportApi\OntraportApi.csproj", "{4F140409-BF74-469C-B8E0-276B0279C784}"
EndProject
Project("{9A19103F-16F7-4668-BE54-9A1E7A4F7556}") = "OntraportApi.AspNetCore", "OntraportApi.AspNetCore\OntraportApi.AspNetCore.csproj", "{257D0683-D974-45CB-8EF6-CE1B255B441F}"
EndProject
Project("{FAE04EC0-301F-11D3-BF4B-00C04F79EFBC}") = "OntraportApi.IdentityCore", "OntraportApi.IdentityCore\OntraportApi.IdentityCore.csproj", "{211ADD62-6E8D-4825-B130-33C948FE91CC}"
EndProject
Project("{9A19103F-16F7-4668-BE54-9A1E7A4F7556}") = "HanumanInstitute.Validators", "..\HanumanInstitute.Validators\Validators\HanumanInstitute.Validators.csproj", "{F96D7479-30EE-47FB-9E85-67035AC751FC}"
EndProject
Global
	GlobalSection(SolutionConfigurationPlatforms) = preSolution
		Debug|Any CPU = Debug|Any CPU
		Release|Any CPU = Release|Any CPU
	EndGlobalSection
	GlobalSection(ProjectConfigurationPlatforms) = postSolution
		{979208D7-EFE6-4A30-A625-E2E18DB16605}.Debug|Any CPU.ActiveCfg = Debug|Any CPU
		{979208D7-EFE6-4A30-A625-E2E18DB16605}.Debug|Any CPU.Build.0 = Debug|Any CPU
		{979208D7-EFE6-4A30-A625-E2E18DB16605}.Release|Any CPU.ActiveCfg = Release|Any CPU
		{979208D7-EFE6-4A30-A625-E2E18DB16605}.Release|Any CPU.Build.0 = Release|Any CPU
		{4F140409-BF74-469C-B8E0-276B0279C784}.Debug|Any CPU.ActiveCfg = Debug|Any CPU
		{4F140409-BF74-469C-B8E0-276B0279C784}.Debug|Any CPU.Build.0 = Debug|Any CPU
		{4F140409-BF74-469C-B8E0-276B0279C784}.Release|Any CPU.ActiveCfg = Release|Any CPU
		{4F140409-BF74-469C-B8E0-276B0279C784}.Release|Any CPU.Build.0 = Release|Any CPU
		{257D0683-D974-45CB-8EF6-CE1B255B441F}.Debug|Any CPU.ActiveCfg = Debug|Any CPU
		{257D0683-D974-45CB-8EF6-CE1B255B441F}.Debug|Any CPU.Build.0 = Debug|Any CPU
		{257D0683-D974-45CB-8EF6-CE1B255B441F}.Release|Any CPU.ActiveCfg = Release|Any CPU
		{257D0683-D974-45CB-8EF6-CE1B255B441F}.Release|Any CPU.Build.0 = Release|Any CPU
		{211ADD62-6E8D-4825-B130-33C948FE91CC}.Debug|Any CPU.ActiveCfg = Debug|Any CPU
		{211ADD62-6E8D-4825-B130-33C948FE91CC}.Debug|Any CPU.Build.0 = Debug|Any CPU
		{211ADD62-6E8D-4825-B130-33C948FE91CC}.Release|Any CPU.ActiveCfg = Release|Any CPU
		{211ADD62-6E8D-4825-B130-33C948FE91CC}.Release|Any CPU.Build.0 = Release|Any CPU
		{F96D7479-30EE-47FB-9E85-67035AC751FC}.Debug|Any CPU.ActiveCfg = Debug|Any CPU
		{F96D7479-30EE-47FB-9E85-67035AC751FC}.Debug|Any CPU.Build.0 = Debug|Any CPU
		{F96D7479-30EE-47FB-9E85-67035AC751FC}.Release|Any CPU.ActiveCfg = Release|Any CPU
		{F96D7479-30EE-47FB-9E85-67035AC751FC}.Release|Any CPU.Build.0 = Release|Any CPU
	EndGlobalSection
	GlobalSection(SolutionProperties) = preSolution
		HideSolutionNode = FALSE
	EndGlobalSection
	GlobalSection(ExtensibilityGlobals) = postSolution
		SolutionGuid = {D2A73637-F265-4CAA-BC60-A7A05CA8F3FC}
	EndGlobalSection
EndGlobal
